// !$*UTF8*$!
{
	archiveVersion = 1;
	classes = {
	};
	objectVersion = 50;
	objects = {

/* Begin PBXBuildFile section */
		353EC54323795B2D003A3524 /* AppDelegate.swift in Sources */ = {isa = PBXBuildFile; fileRef = 353EC54223795B2D003A3524 /* AppDelegate.swift */; };
		353EC54523795B2D003A3524 /* ViewController.swift in Sources */ = {isa = PBXBuildFile; fileRef = 353EC54423795B2D003A3524 /* ViewController.swift */; };
		353EC54823795B2D003A3524 /* Main.storyboard in Resources */ = {isa = PBXBuildFile; fileRef = 353EC54623795B2D003A3524 /* Main.storyboard */; };
		353EC54A23795B2F003A3524 /* Assets.xcassets in Resources */ = {isa = PBXBuildFile; fileRef = 353EC54923795B2F003A3524 /* Assets.xcassets */; };
		353EC54D23795B2F003A3524 /* LaunchScreen.storyboard in Resources */ = {isa = PBXBuildFile; fileRef = 353EC54B23795B2F003A3524 /* LaunchScreen.storyboard */; };
		353EC55823795B2F003A3524 /* TestHelloTests.swift in Sources */ = {isa = PBXBuildFile; fileRef = 353EC55723795B2F003A3524 /* TestHelloTests.swift */; };
		353EC56323795B2F003A3524 /* TestHelloUITests.swift in Sources */ = {isa = PBXBuildFile; fileRef = 353EC56223795B2F003A3524 /* TestHelloUITests.swift */; };
/* End PBXBuildFile section */

/* Begin PBXContainerItemProxy section */
		353EC55423795B2F003A3524 /* PBXContainerItemProxy */ = {
			isa = PBXContainerItemProxy;
			containerPortal = 353EC53723795B2D003A3524 /* Project object */;
			proxyType = 1;
			remoteGlobalIDString = 353EC53E23795B2D003A3524;
			remoteInfo = TestHello;
		};
		353EC55F23795B2F003A3524 /* PBXContainerItemProxy */ = {
			isa = PBXContainerItemProxy;
			containerPortal = 353EC53723795B2D003A3524 /* Project object */;
			proxyType = 1;
			remoteGlobalIDString = 353EC53E23795B2D003A3524;
			remoteInfo = TestHello;
		};
/* End PBXContainerItemProxy section */

/* Begin PBXFileReference section */
		353EC53F23795B2D003A3524 /* TestHello.app */ = {isa = PBXFileReference; explicitFileType = wrapper.application; includeInIndex = 0; path = TestHello.app; sourceTree = BUILT_PRODUCTS_DIR; };
		353EC54223795B2D003A3524 /* AppDelegate.swift */ = {isa = PBXFileReference; lastKnownFileType = sourcecode.swift; path = AppDelegate.swift; sourceTree = "<group>"; };
		353EC54423795B2D003A3524 /* ViewController.swift */ = {isa = PBXFileReference; lastKnownFileType = sourcecode.swift; path = ViewController.swift; sourceTree = "<group>"; };
		353EC54723795B2D003A3524 /* Base */ = {isa = PBXFileReference; lastKnownFileType = file.storyboard; name = Base; path = Base.lproj/Main.storyboard; sourceTree = "<group>"; };
		353EC54923795B2F003A3524 /* Assets.xcassets */ = {isa = PBXFileReference; lastKnownFileType = folder.assetcatalog; path = Assets.xcassets; sourceTree = "<group>"; };
		353EC54C23795B2F003A3524 /* Base */ = {isa = PBXFileReference; lastKnownFileType = file.storyboard; name = Base; path = Base.lproj/LaunchScreen.storyboard; sourceTree = "<group>"; };
		353EC54E23795B2F003A3524 /* Info.plist */ = {isa = PBXFileReference; lastKnownFileType = text.plist.xml; path = Info.plist; sourceTree = "<group>"; };
		353EC55323795B2F003A3524 /* TestHelloTests.xctest */ = {isa = PBXFileReference; explicitFileType = wrapper.cfbundle; includeInIndex = 0; path = TestHelloTests.xctest; sourceTree = BUILT_PRODUCTS_DIR; };
		353EC55723795B2F003A3524 /* TestHelloTests.swift */ = {isa = PBXFileReference; lastKnownFileType = sourcecode.swift; path = TestHelloTests.swift; sourceTree = "<group>"; };
		353EC55923795B2F003A3524 /* Info.plist */ = {isa = PBXFileReference; lastKnownFileType = text.plist.xml; path = Info.plist; sourceTree = "<group>"; };
		353EC55E23795B2F003A3524 /* TestHelloUITests.xctest */ = {isa = PBXFileReference; explicitFileType = wrapper.cfbundle; includeInIndex = 0; path = TestHelloUITests.xctest; sourceTree = BUILT_PRODUCTS_DIR; };
		353EC56223795B2F003A3524 /* TestHelloUITests.swift */ = {isa = PBXFileReference; lastKnownFileType = sourcecode.swift; path = TestHelloUITests.swift; sourceTree = "<group>"; };
		353EC56423795B2F003A3524 /* Info.plist */ = {isa = PBXFileReference; lastKnownFileType = text.plist.xml; path = Info.plist; sourceTree = "<group>"; };
/* End PBXFileReference section */

/* Begin PBXFrameworksBuildPhase section */
		353EC53C23795B2D003A3524 /* Frameworks */ = {
			isa = PBXFrameworksBuildPhase;
			buildActionMask = 2147483647;
			files = (
			);
			runOnlyForDeploymentPostprocessing = 0;
		};
		353EC55023795B2F003A3524 /* Frameworks */ = {
			isa = PBXFrameworksBuildPhase;
			buildActionMask = 2147483647;
			files = (
			);
			runOnlyForDeploymentPostprocessing = 0;
		};
		353EC55B23795B2F003A3524 /* Frameworks */ = {
			isa = PBXFrameworksBuildPhase;
			buildActionMask = 2147483647;
			files = (
			);
			runOnlyForDeploymentPostprocessing = 0;
		};
/* End PBXFrameworksBuildPhase section */

/* Begin PBXGroup section */
		353EC53623795B2D003A3524 = {
			isa = PBXGroup;
			children = (
				353EC54123795B2D003A3524 /* TestHello */,
				353EC55623795B2F003A3524 /* TestHelloTests */,
				353EC56123795B2F003A3524 /* TestHelloUITests */,
				353EC54023795B2D003A3524 /* Products */,
			);
			sourceTree = "<group>";
		};
		353EC54023795B2D003A3524 /* Products */ = {
			isa = PBXGroup;
			children = (
				353EC53F23795B2D003A3524 /* TestHello.app */,
				353EC55323795B2F003A3524 /* TestHelloTests.xctest */,
				353EC55E23795B2F003A3524 /* TestHelloUITests.xctest */,
			);
			name = Products;
			sourceTree = "<group>";
		};
		353EC54123795B2D003A3524 /* TestHello */ = {
			isa = PBXGroup;
			children = (
				353EC54223795B2D003A3524 /* AppDelegate.swift */,
				353EC54423795B2D003A3524 /* ViewController.swift */,
				353EC54623795B2D003A3524 /* Main.storyboard */,
				353EC54923795B2F003A3524 /* Assets.xcassets */,
				353EC54B23795B2F003A3524 /* LaunchScreen.storyboard */,
				353EC54E23795B2F003A3524 /* Info.plist */,
			);
			path = TestHello;
			sourceTree = "<group>";
		};
		353EC55623795B2F003A3524 /* TestHelloTests */ = {
			isa = PBXGroup;
			children = (
				353EC55723795B2F003A3524 /* TestHelloTests.swift */,
				353EC55923795B2F003A3524 /* Info.plist */,
			);
			path = TestHelloTests;
			sourceTree = "<group>";
		};
		353EC56123795B2F003A3524 /* TestHelloUITests */ = {
			isa = PBXGroup;
			children = (
				353EC56223795B2F003A3524 /* TestHelloUITests.swift */,
				353EC56423795B2F003A3524 /* Info.plist */,
			);
			path = TestHelloUITests;
			sourceTree = "<group>";
		};
/* End PBXGroup section */

/* Begin PBXNativeTarget section */
		353EC53E23795B2D003A3524 /* TestHello */ = {
			isa = PBXNativeTarget;
			buildConfigurationList = 353EC56723795B2F003A3524 /* Build configuration list for PBXNativeTarget "TestHello" */;
			buildPhases = (
				353EC53B23795B2D003A3524 /* Sources */,
				353EC53C23795B2D003A3524 /* Frameworks */,
				353EC53D23795B2D003A3524 /* Resources */,
			);
			buildRules = (
			);
			dependencies = (
			);
			name = TestHello;
			productName = TestHello;
			productReference = 353EC53F23795B2D003A3524 /* TestHello.app */;
			productType = "com.apple.product-type.application";
		};
		353EC55223795B2F003A3524 /* TestHelloTests */ = {
			isa = PBXNativeTarget;
			buildConfigurationList = 353EC56A23795B2F003A3524 /* Build configuration list for PBXNativeTarget "TestHelloTests" */;
			buildPhases = (
				353EC54F23795B2F003A3524 /* Sources */,
				353EC55023795B2F003A3524 /* Frameworks */,
				353EC55123795B2F003A3524 /* Resources */,
			);
			buildRules = (
			);
			dependencies = (
				353EC55523795B2F003A3524 /* PBXTargetDependency */,
			);
			name = TestHelloTests;
			productName = TestHelloTests;
			productReference = 353EC55323795B2F003A3524 /* TestHelloTests.xctest */;
			productType = "com.apple.product-type.bundle.unit-test";
		};
		353EC55D23795B2F003A3524 /* TestHelloUITests */ = {
			isa = PBXNativeTarget;
			buildConfigurationList = 353EC56D23795B2F003A3524 /* Build configuration list for PBXNativeTarget "TestHelloUITests" */;
			buildPhases = (
				353EC55A23795B2F003A3524 /* Sources */,
				353EC55B23795B2F003A3524 /* Frameworks */,
				353EC55C23795B2F003A3524 /* Resources */,
			);
			buildRules = (
			);
			dependencies = (
				353EC56023795B2F003A3524 /* PBXTargetDependency */,
			);
			name = TestHelloUITests;
			productName = TestHelloUITests;
			productReference = 353EC55E23795B2F003A3524 /* TestHelloUITests.xctest */;
			productType = "com.apple.product-type.bundle.ui-testing";
		};
/* End PBXNativeTarget section */

/* Begin PBXProject section */
		353EC53723795B2D003A3524 /* Project object */ = {
			isa = PBXProject;
			attributes = {
				LastSwiftUpdateCheck = 1030;
				LastUpgradeCheck = 1030;
				ORGANIZATIONNAME = Gourav;
				TargetAttributes = {
					353EC53E23795B2D003A3524 = {
						CreatedOnToolsVersion = 10.3;
					};
					353EC55223795B2F003A3524 = {
						CreatedOnToolsVersion = 10.3;
						TestTargetID = 353EC53E23795B2D003A3524;
					};
					353EC55D23795B2F003A3524 = {
						CreatedOnToolsVersion = 10.3;
						TestTargetID = 353EC53E23795B2D003A3524;
					};
				};
			};
			buildConfigurationList = 353EC53A23795B2D003A3524 /* Build configuration list for PBXProject "TestHello" */;
			compatibilityVersion = "Xcode 9.3";
			developmentRegion = en;
			hasScannedForEncodings = 0;
			knownRegions = (
				en,
				Base,
			);
			mainGroup = 353EC53623795B2D003A3524;
			productRefGroup = 353EC54023795B2D003A3524 /* Products */;
			projectDirPath = "";
			projectRoot = "";
			targets = (
				353EC53E23795B2D003A3524 /* TestHello */,
				353EC55223795B2F003A3524 /* TestHelloTests */,
				353EC55D23795B2F003A3524 /* TestHelloUITests */,
			);
		};
/* End PBXProject section */

/* Begin PBXResourcesBuildPhase section */
		353EC53D23795B2D003A3524 /* Resources */ = {
			isa = PBXResourcesBuildPhase;
			buildActionMask = 2147483647;
			files = (
				353EC54D23795B2F003A3524 /* LaunchScreen.storyboard in Resources */,
				353EC54A23795B2F003A3524 /* Assets.xcassets in Resources */,
				353EC54823795B2D003A3524 /* Main.storyboard in Resources */,
			);
			runOnlyForDeploymentPostprocessing = 0;
		};
		353EC55123795B2F003A3524 /* Resources */ = {
			isa = PBXResourcesBuildPhase;
			buildActionMask = 2147483647;
			files = (
			);
			runOnlyForDeploymentPostprocessing = 0;
		};
		353EC55C23795B2F003A3524 /* Resources */ = {
			isa = PBXResourcesBuildPhase;
			buildActionMask = 2147483647;
			files = (
			);
			runOnlyForDeploymentPostprocessing = 0;
		};
/* End PBXResourcesBuildPhase section */

/* Begin PBXSourcesBuildPhase section */
		353EC53B23795B2D003A3524 /* Sources */ = {
			isa = PBXSourcesBuildPhase;
			buildActionMask = 2147483647;
			files = (
				353EC54523795B2D003A3524 /* ViewController.swift in Sources */,
				353EC54323795B2D003A3524 /* AppDelegate.swift in Sources */,
			);
			runOnlyForDeploymentPostprocessing = 0;
		};
		353EC54F23795B2F003A3524 /* Sources */ = {
			isa = PBXSourcesBuildPhase;
			buildActionMask = 2147483647;
			files = (
				353EC55823795B2F003A3524 /* TestHelloTests.swift in Sources */,
			);
			runOnlyForDeploymentPostprocessing = 0;
		};
		353EC55A23795B2F003A3524 /* Sources */ = {
			isa = PBXSourcesBuildPhase;
			buildActionMask = 2147483647;
			files = (
				353EC56323795B2F003A3524 /* TestHelloUITests.swift in Sources */,
			);
			runOnlyForDeploymentPostprocessing = 0;
		};
/* End PBXSourcesBuildPhase section */

/* Begin PBXTargetDependency section */
		353EC55523795B2F003A3524 /* PBXTargetDependency */ = {
			isa = PBXTargetDependency;
			target = 353EC53E23795B2D003A3524 /* TestHello */;
			targetProxy = 353EC55423795B2F003A3524 /* PBXContainerItemProxy */;
		};
		353EC56023795B2F003A3524 /* PBXTargetDependency */ = {
			isa = PBXTargetDependency;
			target = 353EC53E23795B2D003A3524 /* TestHello */;
			targetProxy = 353EC55F23795B2F003A3524 /* PBXContainerItemProxy */;
		};
/* End PBXTargetDependency section */

/* Begin PBXVariantGroup section */
		353EC54623795B2D003A3524 /* Main.storyboard */ = {
			isa = PBXVariantGroup;
			children = (
				353EC54723795B2D003A3524 /* Base */,
			);
			name = Main.storyboard;
			sourceTree = "<group>";
		};
		353EC54B23795B2F003A3524 /* LaunchScreen.storyboard */ = {
			isa = PBXVariantGroup;
			children = (
				353EC54C23795B2F003A3524 /* Base */,
			);
			name = LaunchScreen.storyboard;
			sourceTree = "<group>";
		};
/* End PBXVariantGroup section */

/* Begin XCBuildConfiguration section */
		353EC56523795B2F003A3524 /* Debug */ = {
			isa = XCBuildConfiguration;
			buildSettings = {
				ALWAYS_SEARCH_USER_PATHS = NO;
				CLANG_ANALYZER_NONNULL = YES;
				CLANG_ANALYZER_NUMBER_OBJECT_CONVERSION = YES_AGGRESSIVE;
				CLANG_CXX_LANGUAGE_STANDARD = "gnu++14";
				CLANG_CXX_LIBRARY = "libc++";
				CLANG_ENABLE_MODULES = YES;
				CLANG_ENABLE_OBJC_ARC = YES;
				CLANG_ENABLE_OBJC_WEAK = YES;
				CLANG_WARN_BLOCK_CAPTURE_AUTORELEASING = YES;
				CLANG_WARN_BOOL_CONVERSION = YES;
				CLANG_WARN_COMMA = YES;
				CLANG_WARN_CONSTANT_CONVERSION = YES;
				CLANG_WARN_DEPRECATED_OBJC_IMPLEMENTATIONS = YES;
				CLANG_WARN_DIRECT_OBJC_ISA_USAGE = YES_ERROR;
				CLANG_WARN_DOCUMENTATION_COMMENTS = YES;
				CLANG_WARN_EMPTY_BODY = YES;
				CLANG_WARN_ENUM_CONVERSION = YES;
				CLANG_WARN_INFINITE_RECURSION = YES;
				CLANG_WARN_INT_CONVERSION = YES;
				CLANG_WARN_NON_LITERAL_NULL_CONVERSION = YES;
				CLANG_WARN_OBJC_IMPLICIT_RETAIN_SELF = YES;
				CLANG_WARN_OBJC_LITERAL_CONVERSION = YES;
				CLANG_WARN_OBJC_ROOT_CLASS = YES_ERROR;
				CLANG_WARN_RANGE_LOOP_ANALYSIS = YES;
				CLANG_WARN_STRICT_PROTOTYPES = YES;
				CLANG_WARN_SUSPICIOUS_MOVE = YES;
				CLANG_WARN_UNGUARDED_AVAILABILITY = YES_AGGRESSIVE;
				CLANG_WARN_UNREACHABLE_CODE = YES;
				CLANG_WARN__DUPLICATE_METHOD_MATCH = YES;
				CODE_SIGN_IDENTITY = "iPhone Developer";
				COPY_PHASE_STRIP = NO;
				DEBUG_INFORMATION_FORMAT = dwarf;
				ENABLE_STRICT_OBJC_MSGSEND = YES;
				ENABLE_TESTABILITY = YES;
				GCC_C_LANGUAGE_STANDARD = gnu11;
				GCC_DYNAMIC_NO_PIC = NO;
				GCC_NO_COMMON_BLOCKS = YES;
				GCC_OPTIMIZATION_LEVEL = 0;
				GCC_PREPROCESSOR_DEFINITIONS = (
					"DEBUG=1",
					"$(inherited)",
				);
				GCC_WARN_64_TO_32_BIT_CONVERSION = YES;
				GCC_WARN_ABOUT_RETURN_TYPE = YES_ERROR;
				GCC_WARN_UNDECLARED_SELECTOR = YES;
				GCC_WARN_UNINITIALIZED_AUTOS = YES_AGGRESSIVE;
				GCC_WARN_UNUSED_FUNCTION = YES;
				GCC_WARN_UNUSED_VARIABLE = YES;
				IPHONEOS_DEPLOYMENT_TARGET = 12.4;
				MTL_ENABLE_DEBUG_INFO = INCLUDE_SOURCE;
				MTL_FAST_MATH = YES;
				ONLY_ACTIVE_ARCH = YES;
				SDKROOT = iphoneos;
				SWIFT_ACTIVE_COMPILATION_CONDITIONS = DEBUG;
				SWIFT_OPTIMIZATION_LEVEL = "-Onone";
			};
			name = Debug;
		};
		353EC56623795B2F003A3524 /* Release */ = {
			isa = XCBuildConfiguration;
			buildSettings = {
				ALWAYS_SEARCH_USER_PATHS = NO;
				CLANG_ANALYZER_NONNULL = YES;
				CLANG_ANALYZER_NUMBER_OBJECT_CONVERSION = YES_AGGRESSIVE;
				CLANG_CXX_LANGUAGE_STANDARD = "gnu++14";
				CLANG_CXX_LIBRARY = "libc++";
				CLANG_ENABLE_MODULES = YES;
				CLANG_ENABLE_OBJC_ARC = YES;
				CLANG_ENABLE_OBJC_WEAK = YES;
				CLANG_WARN_BLOCK_CAPTURE_AUTORELEASING = YES;
				CLANG_WARN_BOOL_CONVERSION = YES;
				CLANG_WARN_COMMA = YES;
				CLANG_WARN_CONSTANT_CONVERSION = YES;
				CLANG_WARN_DEPRECATED_OBJC_IMPLEMENTATIONS = YES;
				CLANG_WARN_DIRECT_OBJC_ISA_USAGE = YES_ERROR;
				CLANG_WARN_DOCUMENTATION_COMMENTS = YES;
				CLANG_WARN_EMPTY_BODY = YES;
				CLANG_WARN_ENUM_CONVERSION = YES;
				CLANG_WARN_INFINITE_RECURSION = YES;
				CLANG_WARN_INT_CONVERSION = YES;
				CLANG_WARN_NON_LITERAL_NULL_CONVERSION = YES;
				CLANG_WARN_OBJC_IMPLICIT_RETAIN_SELF = YES;
				CLANG_WARN_OBJC_LITERAL_CONVERSION = YES;
				CLANG_WARN_OBJC_ROOT_CLASS = YES_ERROR;
				CLANG_WARN_RANGE_LOOP_ANALYSIS = YES;
				CLANG_WARN_STRICT_PROTOTYPES = YES;
				CLANG_WARN_SUSPICIOUS_MOVE = YES;
				CLANG_WARN_UNGUARDED_AVAILABILITY = YES_AGGRESSIVE;
				CLANG_WARN_UNREACHABLE_CODE = YES;
				CLANG_WARN__DUPLICATE_METHOD_MATCH = YES;
				CODE_SIGN_IDENTITY = "iPhone Developer";
				COPY_PHASE_STRIP = NO;
				DEBUG_INFORMATION_FORMAT = "dwarf-with-dsym";
				ENABLE_NS_ASSERTIONS = NO;
				ENABLE_STRICT_OBJC_MSGSEND = YES;
				GCC_C_LANGUAGE_STANDARD = gnu11;
				GCC_NO_COMMON_BLOCKS = YES;
				GCC_WARN_64_TO_32_BIT_CONVERSION = YES;
				GCC_WARN_ABOUT_RETURN_TYPE = YES_ERROR;
				GCC_WARN_UNDECLARED_SELECTOR = YES;
				GCC_WARN_UNINITIALIZED_AUTOS = YES_AGGRESSIVE;
				GCC_WARN_UNUSED_FUNCTION = YES;
				GCC_WARN_UNUSED_VARIABLE = YES;
				IPHONEOS_DEPLOYMENT_TARGET = 12.4;
				MTL_ENABLE_DEBUG_INFO = NO;
				MTL_FAST_MATH = YES;
				SDKROOT = iphoneos;
				SWIFT_COMPILATION_MODE = wholemodule;
				SWIFT_OPTIMIZATION_LEVEL = "-O";
				VALIDATE_PRODUCT = YES;
			};
			name = Release;
		};
		353EC56823795B2F003A3524 /* Debug */ = {
			isa = XCBuildConfiguration;
			buildSettings = {
				ASSETCATALOG_COMPILER_APPICON_NAME = AppIcon;
				CODE_SIGN_STYLE = Automatic;
				DEVELOPMENT_TEAM = 8VX8LP6DT7;
				INFOPLIST_FILE = TestHello/Info.plist;
				LD_RUNPATH_SEARCH_PATHS = (
					"$(inherited)",
					"@executable_path/Frameworks",
				);
				PRODUCT_BUNDLE_IDENTIFIER = TechM.TestHello;
				PRODUCT_NAME = "$(TARGET_NAME)";
				SWIFT_VERSION = 5.0;
				TARGETED_DEVICE_FAMILY = "1,2";
			};
			name = Debug;
		};
		353EC56923795B2F003A3524 /* Release */ = {
			isa = XCBuildConfiguration;
			buildSettings = {
				ASSETCATALOG_COMPILER_APPICON_NAME = AppIcon;
				CODE_SIGN_STYLE = Automatic;
				DEVELOPMENT_TEAM = 8VX8LP6DT7;
				INFOPLIST_FILE = TestHello/Info.plist;
				LD_RUNPATH_SEARCH_PATHS = (
					"$(inherited)",
					"@executable_path/Frameworks",
				);
				PRODUCT_BUNDLE_IDENTIFIER = TechM.TestHello;
				PRODUCT_NAME = "$(TARGET_NAME)";
				SWIFT_VERSION = 5.0;
				TARGETED_DEVICE_FAMILY = "1,2";
			};
			name = Release;
		};
		353EC56B23795B2F003A3524 /* Debug */ = {
			isa = XCBuildConfiguration;
			buildSettings = {
				ALWAYS_EMBED_SWIFT_STANDARD_LIBRARIES = YES;
				BUNDLE_LOADER = "$(TEST_HOST)";
				CODE_SIGN_STYLE = Automatic;
				INFOPLIST_FILE = TestHelloTests/Info.plist;
				LD_RUNPATH_SEARCH_PATHS = (
					"$(inherited)",
					"@executable_path/Frameworks",
					"@loader_path/Frameworks",
				);
				PRODUCT_BUNDLE_IDENTIFIER = TechM.TestHelloTests;
				PRODUCT_NAME = "$(TARGET_NAME)";
				SWIFT_VERSION = 5.0;
				TARGETED_DEVICE_FAMILY = "1,2";
				TEST_HOST = "$(BUILT_PRODUCTS_DIR)/TestHello.app/TestHello";
			};
			name = Debug;
		};
		353EC56C23795B2F003A3524 /* Release */ = {
			isa = XCBuildConfiguration;
			buildSettings = {
				ALWAYS_EMBED_SWIFT_STANDARD_LIBRARIES = YES;
				BUNDLE_LOADER = "$(TEST_HOST)";
				CODE_SIGN_STYLE = Automatic;
				INFOPLIST_FILE = TestHelloTests/Info.plist;
				LD_RUNPATH_SEARCH_PATHS = (
					"$(inherited)",
					"@executable_path/Frameworks",
					"@loader_path/Frameworks",
				);
				PRODUCT_BUNDLE_IDENTIFIER = TechM.TestHelloTests;
				PRODUCT_NAME = "$(TARGET_NAME)";
				SWIFT_VERSION = 5.0;
				TARGETED_DEVICE_FAMILY = "1,2";
				TEST_HOST = "$(BUILT_PRODUCTS_DIR)/TestHello.app/TestHello";
			};
			name = Release;
		};
		353EC56E23795B2F003A3524 /* Debug */ = {
			isa = XCBuildConfiguration;
			buildSettings = {
				ALWAYS_EMBED_SWIFT_STANDARD_LIBRARIES = YES;
				CODE_SIGN_STYLE = Automatic;
				INFOPLIST_FILE = TestHelloUITests/Info.plist;
				LD_RUNPATH_SEARCH_PATHS = (
					"$(inherited)",
					"@executable_path/Frameworks",
					"@loader_path/Frameworks",
				);
				PRODUCT_BUNDLE_IDENTIFIER = TechM.TestHelloUITests;
				PRODUCT_NAME = "$(TARGET_NAME)";
				SWIFT_VERSION = 5.0;
				TARGETED_DEVICE_FAMILY = "1,2";
				TEST_TARGET_NAME = TestHello;
			};
			name = Debug;
		};
		353EC56F23795B2F003A3524 /* Release */ = {
			isa = XCBuildConfiguration;
			buildSettings = {
				ALWAYS_EMBED_SWIFT_STANDARD_LIBRARIES = YES;
				CODE_SIGN_STYLE = Automatic;
				INFOPLIST_FILE = TestHelloUITests/Info.plist;
				LD_RUNPATH_SEARCH_PATHS = (
					"$(inherited)",
					"@executable_path/Frameworks",
					"@loader_path/Frameworks",
				);
				PRODUCT_BUNDLE_IDENTIFIER = TechM.TestHelloUITests;
				PRODUCT_NAME = "$(TARGET_NAME)";
				SWIFT_VERSION = 5.0;
				TARGETED_DEVICE_FAMILY = "1,2";
				TEST_TARGET_NAME = TestHello;
			};
			name = Release;
		};
/* End XCBuildConfiguration section */

/* Begin XCConfigurationList section */
		353EC53A23795B2D003A3524 /* Build configuration list for PBXProject "TestHello" */ = {
			isa = XCConfigurationList;
			buildConfigurations = (
				353EC56523795B2F003A3524 /* Debug */,
				353EC56623795B2F003A3524 /* Release */,
			);
			defaultConfigurationIsVisible = 0;
			defaultConfigurationName = Release;
		};
		353EC56723795B2F003A3524 /* Build configuration list for PBXNativeTarget "TestHello" */ = {
			isa = XCConfigurationList;
			buildConfigurations = (
				353EC56823795B2F003A3524 /* Debug */,
				353EC56923795B2F003A3524 /* Release */,
			);
			defaultConfigurationIsVisible = 0;
			defaultConfigurationName = Release;
		};
		353EC56A23795B2F003A3524 /* Build configuration list for PBXNativeTarget "TestHelloTests" */ = {
			isa = XCConfigurationList;
			buildConfigurations = (
				353EC56B23795B2F003A3524 /* Debug */,
				353EC56C23795B2F003A3524 /* Release */,
			);
			defaultConfigurationIsVisible = 0;
			defaultConfigurationName = Release;
		};
		353EC56D23795B2F003A3524 /* Build configuration list for PBXNativeTarget "TestHelloUITests" */ = {
			isa = XCConfigurationList;
			buildConfigurations = (
				353EC56E23795B2F003A3524 /* Debug */,
				353EC56F23795B2F003A3524 /* Release */,
			);
			defaultConfigurationIsVisible = 0;
			defaultConfigurationName = Release;
		};
/* End XCConfigurationList section */
	};
	rootObject = 353EC53723795B2D003A3524 /* Project object */;
}
